
Microsoft Visual Studio Solution File, Format Version 12.00
# Visual Studio Version 17
VisualStudioVersion = 17.2.32616.157
MinimumVisualStudioVersion = 10.0.40219.1
Project("{888888A0-9F3D-457C-B088-3A5042F75D52}") = "калькулятор", "калькулятор\калькулятор.pyproj", "{07F5DA32-B0D7-4765-86BF-09BE61C279E3}"
EndProject
Global
	GlobalSection(SolutionConfigurationPlatforms) = preSolution
		Debug|Any CPU = Debug|Any CPU
		Release|Any CPU = Release|Any CPU
	EndGlobalSection
	GlobalSection(ProjectConfigurationPlatforms) = postSolution
		{07F5DA32-B0D7-4765-86BF-09BE61C279E3}.Debug|Any CPU.ActiveCfg = Debug|Any CPU
		{07F5DA32-B0D7-4765-86BF-09BE61C279E3}.Release|Any CPU.ActiveCfg = Release|Any CPU
	EndGlobalSection
	GlobalSection(SolutionProperties) = preSolution
		HideSolutionNode = FALSE
	EndGlobalSection
	GlobalSection(ExtensibilityGlobals) = postSolution
		SolutionGuid = {AABD07BF-CEFE-4A0F-B802-70AC06AE4131}
	EndGlobalSection
EndGlobal
